Microsoft Visual Studio Solution File, Format Version 12.00
# Visual Studio Version 17
VisualStudioVersion = 17.5.2.0
MinimumVisualStudioVersion = 10.0.40219.1
Project("{FAE04EC0-301F-11D3-BF4B-00C04F79EFBC}") = "csharp_codewars", "csharp_codewars.csproj", "{D22D45FB-9A5D-C092-0280-51D072EE848B}"
EndProject
Global
	GlobalSection(SolutionConfigurationPlatforms) = preSolution
		Debug|Any CPU = Debug|Any CPU
		Release|Any CPU = Release|Any CPU
	EndGlobalSection
	GlobalSection(ProjectConfigurationPlatforms) = postSolution
		{D22D45FB-9A5D-C092-0280-51D072EE848B}.Debug|Any CPU.ActiveCfg = Debug|Any CPU
		{D22D45FB-9A5D-C092-0280-51D072EE848B}.Debug|Any CPU.Build.0 = Debug|Any CPU
		{D22D45FB-9A5D-C092-0280-51D072EE848B}.Release|Any CPU.ActiveCfg = Release|Any CPU
		{D22D45FB-9A5D-C092-0280-51D072EE848B}.Release|Any CPU.Build.0 = Release|Any CPU
	EndGlobalSection
	GlobalSection(SolutionProperties) = preSolution
		HideSolutionNode = FALSE
	EndGlobalSection
	GlobalSection(ExtensibilityGlobals) = postSolution
		SolutionGuid = {99BDC782-C9E6-4025-8065-C6B8EB3612B5}
	EndGlobalSection
EndGlobal
